
Microsoft Visual Studio Solution File, Format Version 12.00
# Visual Studio Version 17
VisualStudioVersion = 17.14.36616.10 d17.14
MinimumVisualStudioVersion = 10.0.40219.1
Project("{FAE04EC0-301F-11D3-BF4B-00C04F79EFBC}") = "TodoApp", "TodoApp\TodoApp.csproj", "{C9F27438-D215-41ED-A33E-47A1E69BE53E}"
EndProject
Global
	GlobalSection(SolutionConfigurationPlatforms) = preSolution
		Debug|Any CPU = Debug|Any CPU
		Release|Any CPU = Release|Any CPU
	EndGlobalSection
	GlobalSection(ProjectConfigurationPlatforms) = postSolution
		{C9F27438-D215-41ED-A33E-47A1E69BE53E}.Debug|Any CPU.ActiveCfg = Debug|Any CPU
		{C9F27438-D215-41ED-A33E-47A1E69BE53E}.Debug|Any CPU.Build.0 = Debug|Any CPU
		{C9F27438-D215-41ED-A33E-47A1E69BE53E}.Release|Any CPU.ActiveCfg = Release|Any CPU
		{C9F27438-D215-41ED-A33E-47A1E69BE53E}.Release|Any CPU.Build.0 = Release|Any CPU
	EndGlobalSection
	GlobalSection(SolutionProperties) = preSolution
		HideSolutionNode = FALSE
	EndGlobalSection
	GlobalSection(ExtensibilityGlobals) = postSolution
		SolutionGuid = {2C0C61E0-8FCB-4997-8AEC-EE3D457FD2E1}
	EndGlobalSection
EndGlobal
